<Solution>
  <Folder Name="/src/">
    <Project Path="src/GymQuest.Api/GymQuest.Api.csproj" />
    <Project Path="src/GymQuest.Application/GymQuest.Application.csproj" />
    <Project Path="src/GymQuest.Domain/GymQuest.Domain.csproj" />
    <Project Path="src/GymQuest.Infrastructure/GymQuest.Infrastructure.csproj" />
  </Folder>
  <Folder Name="/tests/">
    <Project Path="tests/GymQuest.Domain.Tests/GymQuest.Domain.Tests.csproj" />
  </Folder>
</Solution>
